// !$*UTF8*$!
{
	archiveVersion = 1;
	classes = {
	};
	objectVersion = 46;
	objects = {

/* Begin PBXBuildFile section */
		A9B45EDB150D31BE00E9AF18 /* UIKit.framework in Frameworks */ = {isa = PBXBuildFile; fileRef = A9B45EDA150D31BE00E9AF18 /* UIKit.framework */; };
		A9B45EDD150D31BE00E9AF18 /* Foundation.framework in Frameworks */ = {isa = PBXBuildFile; fileRef = A9B45EDC150D31BE00E9AF18 /* Foundation.framework */; };
		A9B45EDF150D31BE00E9AF18 /* CoreGraphics.framework in Frameworks */ = {isa = PBXBuildFile; fileRef = A9B45EDE150D31BE00E9AF18 /* CoreGraphics.framework */; };
		A9B45EE5150D31BE00E9AF18 /* InfoPlist.strings in Resources */ = {isa = PBXBuildFile; fileRef = A9B45EE3150D31BE00E9AF18 /* InfoPlist.strings */; };
		A9B45EE7150D31BE00E9AF18 /* main.m in Sources */ = {isa = PBXBuildFile; fileRef = A9B45EE6150D31BE00E9AF18 /* main.m */; };
		A9B45EEB150D31BE00E9AF18 /* AppDelegate.m in Sources */ = {isa = PBXBuildFile; fileRef = A9B45EEA150D31BE00E9AF18 /* AppDelegate.m */; };
		A9B45F09150D325300E9AF18 /* CDataScanner.m in Sources */ = {isa = PBXBuildFile; fileRef = A9B45EFB150D325300E9AF18 /* CDataScanner.m */; };
		A9B45F0A150D325300E9AF18 /* CDataScanner_Extensions.m in Sources */ = {isa = PBXBuildFile; fileRef = A9B45EFE150D325300E9AF18 /* CDataScanner_Extensions.m */; };
		A9B45F0B150D325300E9AF18 /* NSDictionary_JSONExtensions.m in Sources */ = {isa = PBXBuildFile; fileRef = A9B45F00150D325300E9AF18 /* NSDictionary_JSONExtensions.m */; };
		A9B45F0C150D325300E9AF18 /* CJSONDeserializer.m in Sources */ = {isa = PBXBuildFile; fileRef = A9B45F03150D325300E9AF18 /* CJSONDeserializer.m */; };
		A9B45F0D150D325300E9AF18 /* CJSONScanner.m in Sources */ = {isa = PBXBuildFile; fileRef = A9B45F05150D325300E9AF18 /* CJSONScanner.m */; };
		A9B45F0E150D325300E9AF18 /* CJSONSerializer.m in Sources */ = {isa = PBXBuildFile; fileRef = A9B45F07150D325300E9AF18 /* CJSONSerializer.m */; };
/* End PBXBuildFile section */

/* Begin PBXFileReference section */
		A9B45ED6150D31BE00E9AF18 /* SampleApp.app */ = {isa = PBXFileReference; explicitFileType = wrapper.application; includeInIndex = 0; path = SampleApp.app; sourceTree = BUILT_PRODUCTS_DIR; };
		A9B45EDA150D31BE00E9AF18 /* UIKit.framework */ = {isa = PBXFileReference; lastKnownFileType = wrapper.framework; name = UIKit.framework; path = System/Library/Frameworks/UIKit.framework; sourceTree = SDKROOT; };
		A9B45EDC150D31BE00E9AF18 /* Foundation.framework */ = {isa = PBXFileReference; lastKnownFileType = wrapper.framework; name = Foundation.framework; path = System/Library/Frameworks/Foundation.framework; sourceTree = SDKROOT; };
		A9B45EDE150D31BE00E9AF18 /* CoreGraphics.framework */ = {isa = PBXFileReference; lastKnownFileType = wrapper.framework; name = CoreGraphics.framework; path = System/Library/Frameworks/CoreGraphics.framework; sourceTree = SDKROOT; };
		A9B45EE2150D31BE00E9AF18 /* SampleApp-Info.plist */ = {isa = PBXFileReference; lastKnownFileType = text.plist.xml; path = "SampleApp-Info.plist"; sourceTree = "<group>"; };
		A9B45EE4150D31BE00E9AF18 /* en */ = {isa = PBXFileReference; lastKnownFileType = text.plist.strings; name = en; path = en.lproj/InfoPlist.strings; sourceTree = "<group>"; };
		A9B45EE6150D31BE00E9AF18 /* main.m */ = {isa = PBXFileReference; lastKnownFileType = sourcecode.c.objc; path = main.m; sourceTree = "<group>"; };
		A9B45EE8150D31BE00E9AF18 /* SampleApp-Prefix.pch */ = {isa = PBXFileReference; lastKnownFileType = sourcecode.c.h; path = "SampleApp-Prefix.pch"; sourceTree = "<group>"; };
		A9B45EE9150D31BE00E9AF18 /* AppDelegate.h */ = {isa = PBXFileReference; lastKnownFileType = sourcecode.c.h; path = AppDelegate.h; sourceTree = "<group>"; };
		A9B45EEA150D31BE00E9AF18 /* AppDelegate.m */ = {isa = PBXFileReference; lastKnownFileType = sourcecode.c.objc; path = AppDelegate.m; sourceTree = "<group>"; };
		A9B45EFA150D325300E9AF18 /* CDataScanner.h */ = {isa = PBXFileReference; fileEncoding = 4; lastKnownFileType = sourcecode.c.h; path = CDataScanner.h; sourceTree = "<group>"; };
		A9B45EFB150D325300E9AF18 /* CDataScanner.m */ = {isa = PBXFileReference; fileEncoding = 4; lastKnownFileType = sourcecode.c.objc; path = CDataScanner.m; sourceTree = "<group>"; };
		A9B45EFD150D325300E9AF18 /* CDataScanner_Extensions.h */ = {isa = PBXFileReference; fileEncoding = 4; lastKnownFileType = sourcecode.c.h; path = CDataScanner_Extensions.h; sourceTree = "<group>"; };
		A9B45EFE150D325300E9AF18 /* CDataScanner_Extensions.m */ = {isa = PBXFileReference; fileEncoding = 4; lastKnownFileType = sourcecode.c.objc; path = CDataScanner_Extensions.m; sourceTree = "<group>"; };
		A9B45EFF150D325300E9AF18 /* NSDictionary_JSONExtensions.h */ = {isa = PBXFileReference; fileEncoding = 4; lastKnownFileType = sourcecode.c.h; path = NSDictionary_JSONExtensions.h; sourceTree = "<group>"; };
		A9B45F00150D325300E9AF18 /* NSDictionary_JSONExtensions.m */ = {isa = PBXFileReference; fileEncoding = 4; lastKnownFileType = sourcecode.c.objc; path = NSDictionary_JSONExtensions.m; sourceTree = "<group>"; };
		A9B45F02150D325300E9AF18 /* CJSONDeserializer.h */ = {isa = PBXFileReference; fileEncoding = 4; lastKnownFileType = sourcecode.c.h; path = CJSONDeserializer.h; sourceTree = "<group>"; };
		A9B45F03150D325300E9AF18 /* CJSONDeserializer.m */ = {isa = PBXFileReference; fileEncoding = 4; lastKnownFileType = sourcecode.c.objc; path = CJSONDeserializer.m; sourceTree = "<group>"; };
		A9B45F04150D325300E9AF18 /* CJSONScanner.h */ = {isa = PBXFileReference; fileEncoding = 4; lastKnownFileType = sourcecode.c.h; path = CJSONScanner.h; sourceTree = "<group>"; };
		A9B45F05150D325300E9AF18 /* CJSONScanner.m */ = {isa = PBXFileReference; fileEncoding = 4; lastKnownFileType = sourcecode.c.objc; path = CJSONScanner.m; sourceTree = "<group>"; };
		A9B45F06150D325300E9AF18 /* CJSONSerializer.h */ = {isa = PBXFileReference; fileEncoding = 4; lastKnownFileType = sourcecode.c.h; path = CJSONSerializer.h; sourceTree = "<group>"; };
		A9B45F07150D325300E9AF18 /* CJSONSerializer.m */ = {isa = PBXFileReference; fileEncoding = 4; lastKnownFileType = sourcecode.c.objc; path = CJSONSerializer.m; sourceTree = "<group>"; };
		A9B45F08150D325300E9AF18 /* JSONRepresentation.h */ = {isa = PBXFileReference; fileEncoding = 4; lastKnownFileType = sourcecode.c.h; path = JSONRepresentation.h; sourceTree = "<group>"; };
/* End PBXFileReference section */

/* Begin PBXFrameworksBuildPhase section */
		A9B45ED3150D31BE00E9AF18 /* Frameworks */ = {
			isa = PBXFrameworksBuildPhase;
			buildActionMask = 2147483647;
			files = (
				A9B45EDB150D31BE00E9AF18 /* UIKit.framework in Frameworks */,
				A9B45EDD150D31BE00E9AF18 /* Foundation.framework in Frameworks */,
				A9B45EDF150D31BE00E9AF18 /* CoreGraphics.framework in Frameworks */,
			);
			runOnlyForDeploymentPostprocessing = 0;
		};
/* End PBXFrameworksBuildPhase section */

/* Begin PBXGroup section */
		A9B45ECB150D31BE00E9AF18 = {
			isa = PBXGroup;
			children = (
				A9B45EE0150D31BE00E9AF18 /* SampleApp */,
				A9B45ED9150D31BE00E9AF18 /* Frameworks */,
				A9B45ED7150D31BE00E9AF18 /* Products */,
			);
			sourceTree = "<group>";
		};
		A9B45ED7150D31BE00E9AF18 /* Products */ = {
			isa = PBXGroup;
			children = (
				A9B45ED6150D31BE00E9AF18 /* SampleApp.app */,
			);
			name = Products;
			sourceTree = "<group>";
		};
		A9B45ED9150D31BE00E9AF18 /* Frameworks */ = {
			isa = PBXGroup;
			children = (
				A9B45EDA150D31BE00E9AF18 /* UIKit.framework */,
				A9B45EDC150D31BE00E9AF18 /* Foundation.framework */,
				A9B45EDE150D31BE00E9AF18 /* CoreGraphics.framework */,
			);
			name = Frameworks;
			sourceTree = "<group>";
		};
		A9B45EE0150D31BE00E9AF18 /* SampleApp */ = {
			isa = PBXGroup;
			children = (
				A9B45EF9150D325300E9AF18 /* TouchJSON */,
				A9B45EE9150D31BE00E9AF18 /* AppDelegate.h */,
				A9B45EEA150D31BE00E9AF18 /* AppDelegate.m */,
				A9B45EE1150D31BE00E9AF18 /* Supporting Files */,
			);
			path = SampleApp;
			sourceTree = "<group>";
		};
		A9B45EE1150D31BE00E9AF18 /* Supporting Files */ = {
			isa = PBXGroup;
			children = (
				A9B45EE2150D31BE00E9AF18 /* SampleApp-Info.plist */,
				A9B45EE3150D31BE00E9AF18 /* InfoPlist.strings */,
				A9B45EE6150D31BE00E9AF18 /* main.m */,
				A9B45EE8150D31BE00E9AF18 /* SampleApp-Prefix.pch */,
			);
			name = "Supporting Files";
			sourceTree = "<group>";
		};
		A9B45EF9150D325300E9AF18 /* TouchJSON */ = {
			isa = PBXGroup;
			children = (
				A9B45EFA150D325300E9AF18 /* CDataScanner.h */,
				A9B45EFB150D325300E9AF18 /* CDataScanner.m */,
				A9B45EFC150D325300E9AF18 /* Extensions */,
				A9B45F01150D325300E9AF18 /* JSON */,
			);
			path = TouchJSON;
			sourceTree = "<group>";
		};
		A9B45EFC150D325300E9AF18 /* Extensions */ = {
			isa = PBXGroup;
			children = (
				A9B45EFD150D325300E9AF18 /* CDataScanner_Extensions.h */,
				A9B45EFE150D325300E9AF18 /* CDataScanner_Extensions.m */,
				A9B45EFF150D325300E9AF18 /* NSDictionary_JSONExtensions.h */,
				A9B45F00150D325300E9AF18 /* NSDictionary_JSONExtensions.m */,
			);
			path = Extensions;
			sourceTree = "<group>";
		};
		A9B45F01150D325300E9AF18 /* JSON */ = {
			isa = PBXGroup;
			children = (
				A9B45F02150D325300E9AF18 /* CJSONDeserializer.h */,
				A9B45F03150D325300E9AF18 /* CJSONDeserializer.m */,
				A9B45F04150D325300E9AF18 /* CJSONScanner.h */,
				A9B45F05150D325300E9AF18 /* CJSONScanner.m */,
				A9B45F06150D325300E9AF18 /* CJSONSerializer.h */,
				A9B45F07150D325300E9AF18 /* CJSONSerializer.m */,
				A9B45F08150D325300E9AF18 /* JSONRepresentation.h */,
			);
			path = JSON;
			sourceTree = "<group>";
		};
/* End PBXGroup section */

/* Begin PBXNativeTarget section */
		A9B45ED5150D31BE00E9AF18 /* SampleApp */ = {
			isa = PBXNativeTarget;
			buildConfigurationList = A9B45EEE150D31BE00E9AF18 /* Build configuration list for PBXNativeTarget "SampleApp" */;
			buildPhases = (
				A9B45ED2150D31BE00E9AF18 /* Sources */,
				A9B45ED3150D31BE00E9AF18 /* Frameworks */,
				A9B45ED4150D31BE00E9AF18 /* Resources */,
			);
			buildRules = (
			);
			dependencies = (
			);
			name = SampleApp;
			productName = SampleApp;
			productReference = A9B45ED6150D31BE00E9AF18 /* SampleApp.app */;
			productType = "com.apple.product-type.application";
		};
/* End PBXNativeTarget section */

/* Begin PBXProject section */
		A9B45ECD150D31BE00E9AF18 /* Project object */ = {
			isa = PBXProject;
			attributes = {
				LastUpgradeCheck = 0420;
			};
			buildConfigurationList = A9B45ED0150D31BE00E9AF18 /* Build configuration list for PBXProject "SampleApp" */;
			compatibilityVersion = "Xcode 3.2";
			developmentRegion = English;
			hasScannedForEncodings = 0;
			knownRegions = (
				en,
			);
			mainGroup = A9B45ECB150D31BE00E9AF18;
			productRefGroup = A9B45ED7150D31BE00E9AF18 /* Products */;
			projectDirPath = "";
			projectRoot = "";
			targets = (
				A9B45ED5150D31BE00E9AF18 /* SampleApp */,
			);
		};
/* End PBXProject section */

/* Begin PBXResourcesBuildPhase section */
		A9B45ED4150D31BE00E9AF18 /* Resources */ = {
			isa = PBXResourcesBuildPhase;
			buildActionMask = 2147483647;
			files = (
				A9B45EE5150D31BE00E9AF18 /* InfoPlist.strings in Resources */,
			);
			runOnlyForDeploymentPostprocessing = 0;
		};
/* End PBXResourcesBuildPhase section */

/* Begin PBXSourcesBuildPhase section */
		A9B45ED2150D31BE00E9AF18 /* Sources */ = {
			isa = PBXSourcesBuildPhase;
			buildActionMask = 2147483647;
			files = (
				A9B45EE7150D31BE00E9AF18 /* main.m in Sources */,
				A9B45EEB150D31BE00E9AF18 /* AppDelegate.m in Sources */,
				A9B45F09150D325300E9AF18 /* CDataScanner.m in Sources */,
				A9B45F0A150D325300E9AF18 /* CDataScanner_Extensions.m in Sources */,
				A9B45F0B150D325300E9AF18 /* NSDictionary_JSONExtensions.m in Sources */,
				A9B45F0C150D325300E9AF18 /* CJSONDeserializer.m in Sources */,
				A9B45F0D150D325300E9AF18 /* CJSONScanner.m in Sources */,
				A9B45F0E150D325300E9AF18 /* CJSONSerializer.m in Sources */,
			);
			runOnlyForDeploymentPostprocessing = 0;
		};
/* End PBXSourcesBuildPhase section */

/* Begin PBXVariantGroup section */
		A9B45EE3150D31BE00E9AF18 /* InfoPlist.strings */ = {
			isa = PBXVariantGroup;
			children = (
				A9B45EE4150D31BE00E9AF18 /* en */,
			);
			name = InfoPlist.strings;
			sourceTree = "<group>";
		};
/* End PBXVariantGroup section */

/* Begin XCBuildConfiguration section */
		A9B45EEC150D31BE00E9AF18 /* Debug */ = {
			isa = XCBuildConfiguration;
			buildSettings = {
				ALWAYS_SEARCH_USER_PATHS = NO;
				ARCHS = "$(ARCHS_STANDARD_32_BIT)";
				"CODE_SIGN_IDENTITY[sdk=iphoneos*]" = "iPhone Developer";
				COPY_PHASE_STRIP = NO;
				GCC_C_LANGUAGE_STANDARD = gnu99;
				GCC_DYNAMIC_NO_PIC = NO;
				GCC_OPTIMIZATION_LEVEL = 0;
				GCC_PREPROCESSOR_DEFINITIONS = (
					"DEBUG=1",
					"$(inherited)",
				);
				GCC_SYMBOLS_PRIVATE_EXTERN = NO;
				GCC_VERSION = com.apple.compilers.llvm.clang.1_0;
				GCC_WARN_ABOUT_MISSING_PROTOTYPES = YES;
				GCC_WARN_ABOUT_RETURN_TYPE = YES;
				GCC_WARN_UNUSED_VARIABLE = YES;
				IPHONEOS_DEPLOYMENT_TARGET = 5.0;
				SDKROOT = iphoneos;
				TARGETED_DEVICE_FAMILY = "1,2";
			};
			name = Debug;
		};
		A9B45EED150D31BE00E9AF18 /* Release */ = {
			isa = XCBuildConfiguration;
			buildSettings = {
				ALWAYS_SEARCH_USER_PATHS = NO;
				ARCHS = "$(ARCHS_STANDARD_32_BIT)";
				"CODE_SIGN_IDENTITY[sdk=iphoneos*]" = "iPhone Developer";
				COPY_PHASE_STRIP = YES;
				GCC_C_LANGUAGE_STANDARD = gnu99;
				GCC_VERSION = com.apple.compilers.llvm.clang.1_0;
				GCC_WARN_ABOUT_MISSING_PROTOTYPES = YES;
				GCC_WARN_ABOUT_RETURN_TYPE = YES;
				GCC_WARN_UNUSED_VARIABLE = YES;
				IPHONEOS_DEPLOYMENT_TARGET = 5.0;
				OTHER_CFLAGS = "-DNS_BLOCK_ASSERTIONS=1";
				SDKROOT = iphoneos;
				TARGETED_DEVICE_FAMILY = "1,2";
				VALIDATE_PRODUCT = YES;
			};
			name = Release;
		};
		A9B45EEF150D31BE00E9AF18 /* Debug */ = {
			isa = XCBuildConfiguration;
			buildSettings = {
				GCC_PRECOMPILE_PREFIX_HEADER = YES;
				GCC_PREFIX_HEADER = "SampleApp/SampleApp-Prefix.pch";
				INFOPLIST_FILE = "SampleApp/SampleApp-Info.plist";
				PRODUCT_NAME = "$(TARGET_NAME)";
				WRAPPER_EXTENSION = app;
			};
			name = Debug;
		};
		A9B45EF0150D31BE00E9AF18 /* Release */ = {
			isa = XCBuildConfiguration;
			buildSettings = {
				GCC_PRECOMPILE_PREFIX_HEADER = YES;
				GCC_PREFIX_HEADER = "SampleApp/SampleApp-Prefix.pch";
				INFOPLIST_FILE = "SampleApp/SampleApp-Info.plist";
				PRODUCT_NAME = "$(TARGET_NAME)";
				WRAPPER_EXTENSION = app;
			};
			name = Release;
		};
/* End XCBuildConfiguration section */

/* Begin XCConfigurationList section */
		A9B45ED0150D31BE00E9AF18 /* Build configuration list for PBXProject "SampleApp" */ = {
			isa = XCConfigurationList;
			buildConfigurations = (
				A9B45EEC150D31BE00E9AF18 /* Debug */,
				A9B45EED150D31BE00E9AF18 /* Release */,
			);
			defaultConfigurationIsVisible = 0;
			defaultConfigurationName = Release;
		};
		A9B45EEE150D31BE00E9AF18 /* Build configuration list for PBXNativeTarget "SampleApp" */ = {
			isa = XCConfigurationList;
			buildConfigurations = (
				A9B45EEF150D31BE00E9AF18 /* Debug */,
				A9B45EF0150D31BE00E9AF18 /* Release */,
			);
			defaultConfigurationIsVisible = 0;
			defaultConfigurationName = Release;
		};
/* End XCConfigurationList section */
	};
	rootObject = A9B45ECD150D31BE00E9AF18 /* Project object */;
}
